
Microsoft Visual Studio Solution File, Format Version 12.00
# Visual Studio 15
VisualStudioVersion = 15.0.27703.2047
MinimumVisualStudioVersion = 10.0.40219.1
Project("{9A19103F-16F7-4668-BE54-9A1E7A4F7556}") = "WhoIsPlaying", "WhoIsPlaying\WhoIsPlaying.csproj", "{48B3CAF8-CDE4-4397-96A7-32C078E18C97}"
EndProject
Global
	GlobalSection(SolutionConfigurationPlatforms) = preSolution
		Debug|Any CPU = Debug|Any CPU
		Release|Any CPU = Release|Any CPU
	EndGlobalSection
	GlobalSection(ProjectConfigurationPlatforms) = postSolution
		{48B3CAF8-CDE4-4397-96A7-32C078E18C97}.Debug|Any CPU.ActiveCfg = Debug|Any CPU
		{48B3CAF8-CDE4-4397-96A7-32C078E18C97}.Debug|Any CPU.Build.0 = Debug|Any CPU
		{48B3CAF8-CDE4-4397-96A7-32C078E18C97}.Release|Any CPU.ActiveCfg = Release|Any CPU
		{48B3CAF8-CDE4-4397-96A7-32C078E18C97}.Release|Any CPU.Build.0 = Release|Any CPU
	EndGlobalSection
	GlobalSection(SolutionProperties) = preSolution
		HideSolutionNode = FALSE
	EndGlobalSection
	GlobalSection(ExtensibilityGlobals) = postSolution
		SolutionGuid = {1EF08D0C-C8B6-4EC6-90F9-BB5201BBA75D}
	EndGlobalSection
EndGlobal
